# This file was autogenerated by Stack.
# You should not edit this file by hand.
# For more information, please see the documentation at:
#   https://docs.haskellstack.org/en/stable/lock_files

packages:
- completed:
    hackage: HDBC-sqlite3-2.3.3.1@sha256:5025fd94d02b9b3f0b8b8233796dd9a85a0b3dda6503c6e671e3eddbc51cb4d4,2424
    pantry-tree:
      size: 1427
      sha256: 76e71f73502350ed3fe5fc64604a21a3c8027d49fe6846183d53dbdaf583437a
  original:
    hackage: HDBC-sqlite3-2.3.3.1
- completed:
    hackage: HDBC-2.4.0.1@sha256:da1cef4f99bc200ef3c4c866519859dfee81457aff6a8fa7418c17f210a1e7fd,3110
    pantry-tree:
      size: 1003
      sha256: df6cbfca023afe218c2a70e4afe3151ac4b7d625fd4e97fd2aa33ef1cbcb9e9f
  original:
    hackage: HDBC-2.4.0.1
- completed:
    hackage: aeson-1.5.6.0@sha256:d3e76872f8634c9cd33eb128d6c4dd1bf0cc8d71d1f32055d774490d5f6dedf8,6786
    pantry-tree:
      size: 37981
      sha256: 10dbaacb905db0c0b0602cc3045d91079c3ca8eb981c356864a4a68cf2cf9784
  original:
    hackage: aeson-1.5.6.0
- completed:
    hackage: http-types-0.12.3@sha256:f35229edb1bc7b3ae27f961b2407dadb5bfa69d43a8f5337ab46cdc79ca4afe9,2035
    pantry-tree:
      size: 833
      sha256: c9b77e1ba204fffbe4e1be80412bc48e47440a07e4b7db4cdc77d573a3e21b9a
  original:
    hackage: http-types-0.12.3
- completed:
    hackage: bytestring-0.10.12.0@sha256:3756939e46a9adb9cd5654442e7a44f53d0ad94fca8a9ad7029cc28fa6b0a081,6070
    pantry-tree:
      size: 2140
      sha256: 4e979f335e85ccb677f171f1e8e4d1139c8bc4e3ace7fb1fdf9bdffe9b0d9287
  original:
    hackage: bytestring-0.10.12.0
- completed:
    hackage: http-client-0.6.4.1@sha256:ea569e3ebc00e7bb68162fbdf85aa63e653b974eaff63df7b972e4296687e25c,5322
    pantry-tree:
      size: 2458
      sha256: 8e6ebf17ad06cca8bdab0c2ceda13ed41dea0d793f1930f90f0542f9c66afff1
  original:
    hackage: http-client-0.6.4.1
- completed:
    hackage: http-client-tls-0.3.5.3@sha256:c97c3d88e6318a3056e42e2cd0913d5c4bff381f83341bb6ff06865fd12c8b52,2066
    pantry-tree:
      size: 435
      sha256: b19e23dc469491661e9d1a40a9ba65ce745d4fd0143d4f9f7be824c8a5e2cee8
  original:
    hackage: http-client-tls-0.3.5.3
- completed:
    hackage: transformers-either-0.1.2@sha256:e2ba24af49df7fa09794dcff6cb203d086d5c18e35b3cf10a8ecf7eb465fdedf,1677
    pantry-tree:
      size: 270
      sha256: 9c3388ec26e91b6f5115ddeafee991a3589b76b67ea15e333af5946706be374c
  original:
    hackage: transformers-either-0.1.2
snapshots:
- completed:
    size: 585393
    url: https://raw.githubusercontent.com/commercialhaskell/stackage-snapshots/master/lts/18/0.yaml
    sha256: c632012da648385b9fa3c29f4e0afd56ead299f1c5528ee789058be410e883c0
  original:
    url: https://raw.githubusercontent.com/commercialhaskell/stackage-snapshots/master/lts/18/0.yaml
